
Microsoft Visual Studio Solution File, Format Version 12.00
# Visual Studio Version 16
VisualStudioVersion = 16.0.30907.101
MinimumVisualStudioVersion = 10.0.40219.1
Project("{FAE04EC0-301F-11D3-BF4B-00C04F79EFBC}") = "DataAccess", "DataAccess\DataAccess.csproj", "{08A63AB1-62C3-48AD-A579-BF11E97A7A21}"
EndProject
Project("{FAE04EC0-301F-11D3-BF4B-00C04F79EFBC}") = "Business", "Business\Business.csproj", "{6495BF5C-6287-4D25-9B78-D0900FE839E1}"
EndProject
Project("{FAE04EC0-301F-11D3-BF4B-00C04F79EFBC}") = "Entities", "Entities\Entities.csproj", "{F3919C1D-BC94-4DB8-9569-85C6E7DFE257}"
EndProject
Project("{FAE04EC0-301F-11D3-BF4B-00C04F79EFBC}") = "ConsoleUI", "ConsoleUI\ConsoleUI.csproj", "{147DAAD6-D997-4183-A6D5-36801414F9AF}"
EndProject
Global
	GlobalSection(SolutionConfigurationPlatforms) = preSolution
		Debug|Any CPU = Debug|Any CPU
		Release|Any CPU = Release|Any CPU
	EndGlobalSection
	GlobalSection(ProjectConfigurationPlatforms) = postSolution
		{08A63AB1-62C3-48AD-A579-BF11E97A7A21}.Debug|Any CPU.ActiveCfg = Debug|Any CPU
		{08A63AB1-62C3-48AD-A579-BF11E97A7A21}.Debug|Any CPU.Build.0 = Debug|Any CPU
		{08A63AB1-62C3-48AD-A579-BF11E97A7A21}.Release|Any CPU.ActiveCfg = Release|Any CPU
		{08A63AB1-62C3-48AD-A579-BF11E97A7A21}.Release|Any CPU.Build.0 = Release|Any CPU
		{6495BF5C-6287-4D25-9B78-D0900FE839E1}.Debug|Any CPU.ActiveCfg = Debug|Any CPU
		{6495BF5C-6287-4D25-9B78-D0900FE839E1}.Debug|Any CPU.Build.0 = Debug|Any CPU
		{6495BF5C-6287-4D25-9B78-D0900FE839E1}.Release|Any CPU.ActiveCfg = Release|Any CPU
		{6495BF5C-6287-4D25-9B78-D0900FE839E1}.Release|Any CPU.Build.0 = Release|Any CPU
		{F3919C1D-BC94-4DB8-9569-85C6E7DFE257}.Debug|Any CPU.ActiveCfg = Debug|Any CPU
		{F3919C1D-BC94-4DB8-9569-85C6E7DFE257}.Debug|Any CPU.Build.0 = Debug|Any CPU
		{F3919C1D-BC94-4DB8-9569-85C6E7DFE257}.Release|Any CPU.ActiveCfg = Release|Any CPU
		{F3919C1D-BC94-4DB8-9569-85C6E7DFE257}.Release|Any CPU.Build.0 = Release|Any CPU
		{147DAAD6-D997-4183-A6D5-36801414F9AF}.Debug|Any CPU.ActiveCfg = Debug|Any CPU
		{147DAAD6-D997-4183-A6D5-36801414F9AF}.Debug|Any CPU.Build.0 = Debug|Any CPU
		{147DAAD6-D997-4183-A6D5-36801414F9AF}.Release|Any CPU.ActiveCfg = Release|Any CPU
		{147DAAD6-D997-4183-A6D5-36801414F9AF}.Release|Any CPU.Build.0 = Release|Any CPU
	EndGlobalSection
	GlobalSection(SolutionProperties) = preSolution
		HideSolutionNode = FALSE
	EndGlobalSection
	GlobalSection(ExtensibilityGlobals) = postSolution
		SolutionGuid = {289A66E2-25B7-4204-9532-A065987028C1}
	EndGlobalSection
EndGlobal
